
Microsoft Visual Studio Solution File, Format Version 12.00
# Visual Studio 15
VisualStudioVersion = 15.0.27428.2015
MinimumVisualStudioVersion = 10.0.40219.1
Project("{2150E333-8FDC-42A3-9474-1A3956D46DE8}") = "0 - Common", "0 - Common", "{AA65D6A2-82F4-4044-8694-4053EEA2F0A2}"
EndProject
Project("{2150E333-8FDC-42A3-9474-1A3956D46DE8}") = "1 - Domain", "1 - Domain", "{825C8F25-EE60-4426-B40E-E4A7DE893DB0}"
EndProject
Project("{2150E333-8FDC-42A3-9474-1A3956D46DE8}") = "2 - Application", "2 - Application", "{E2B680F5-BA50-4485-82C5-1B6BF22DA755}"
EndProject
Project("{2150E333-8FDC-42A3-9474-1A3956D46DE8}") = "3 - Web", "3 - Web", "{8E9940AE-1F74-48A4-9299-3F2E799866FE}"
EndProject
Project("{2150E333-8FDC-42A3-9474-1A3956D46DE8}") = "4 - Integrations", "4 - Integrations", "{9139E8B2-379B-4F6B-BEEF-8C295AA6EA4B}"
EndProject
Project("{9A19103F-16F7-4668-BE54-9A1E7A4F7556}") = "Prolog", "Prolog\Prolog.csproj", "{8A8D1C80-8B6E-41C8-9C38-41E6982CB7EC}"
EndProject
Project("{9A19103F-16F7-4668-BE54-9A1E7A4F7556}") = "Common.Domain", "Common.Domain\Common.Domain.csproj", "{26416D09-60C6-4BA0-9B55-36309DF55D16}"
EndProject
Project("{FAE04EC0-301F-11D3-BF4B-00C04F79EFBC}") = "Repository", "Repository\Repository.csproj", "{6B435CFE-678C-43A2-BB75-D4AE212C516C}"
EndProject
Project("{FAE04EC0-301F-11D3-BF4B-00C04F79EFBC}") = "Domain.Model", "Domain.Model\Domain.Model.csproj", "{6D19146F-A011-4667-BD70-4A9A0212D745}"
EndProject
Project("{FAE04EC0-301F-11D3-BF4B-00C04F79EFBC}") = "Repository.TestClient", "Repository.TestClient\Repository.TestClient.csproj", "{70706624-5DA1-45B5-A45E-FE84573AFBA9}"
EndProject
Project("{9A19103F-16F7-4668-BE54-9A1E7A4F7556}") = "Domain", "Domain\Domain.csproj", "{05BD5079-EFB5-4D73-86FA-8DC4480A5426}"
EndProject
Project("{9A19103F-16F7-4668-BE54-9A1E7A4F7556}") = "Prolog.Test", "Prolog.Test\Prolog.Test.csproj", "{2C3BC611-8252-415B-8FCC-2F386B728CC7}"
EndProject
Project("{FAE04EC0-301F-11D3-BF4B-00C04F79EFBC}") = "NLP", "NLP\NLP.csproj", "{A4013595-3D02-4552-92BC-142C61462412}"
EndProject
Project("{FAE04EC0-301F-11D3-BF4B-00C04F79EFBC}") = "NLP.TestClient", "NLP.TestClient\NLP.TestClient.csproj", "{C30832FE-7391-4EDF-9644-A19D2431F7C5}"
EndProject
Global
	GlobalSection(SolutionConfigurationPlatforms) = preSolution
		Debug|Any CPU = Debug|Any CPU
		Release|Any CPU = Release|Any CPU
	EndGlobalSection
	GlobalSection(ProjectConfigurationPlatforms) = postSolution
		{8A8D1C80-8B6E-41C8-9C38-41E6982CB7EC}.Debug|Any CPU.ActiveCfg = Debug|Any CPU
		{8A8D1C80-8B6E-41C8-9C38-41E6982CB7EC}.Debug|Any CPU.Build.0 = Debug|Any CPU
		{8A8D1C80-8B6E-41C8-9C38-41E6982CB7EC}.Release|Any CPU.ActiveCfg = Release|Any CPU
		{8A8D1C80-8B6E-41C8-9C38-41E6982CB7EC}.Release|Any CPU.Build.0 = Release|Any CPU
		{26416D09-60C6-4BA0-9B55-36309DF55D16}.Debug|Any CPU.ActiveCfg = Debug|Any CPU
		{26416D09-60C6-4BA0-9B55-36309DF55D16}.Debug|Any CPU.Build.0 = Debug|Any CPU
		{26416D09-60C6-4BA0-9B55-36309DF55D16}.Release|Any CPU.ActiveCfg = Release|Any CPU
		{26416D09-60C6-4BA0-9B55-36309DF55D16}.Release|Any CPU.Build.0 = Release|Any CPU
		{6B435CFE-678C-43A2-BB75-D4AE212C516C}.Debug|Any CPU.ActiveCfg = Debug|Any CPU
		{6B435CFE-678C-43A2-BB75-D4AE212C516C}.Debug|Any CPU.Build.0 = Debug|Any CPU
		{6B435CFE-678C-43A2-BB75-D4AE212C516C}.Release|Any CPU.ActiveCfg = Release|Any CPU
		{6B435CFE-678C-43A2-BB75-D4AE212C516C}.Release|Any CPU.Build.0 = Release|Any CPU
		{6D19146F-A011-4667-BD70-4A9A0212D745}.Debug|Any CPU.ActiveCfg = Debug|Any CPU
		{6D19146F-A011-4667-BD70-4A9A0212D745}.Debug|Any CPU.Build.0 = Debug|Any CPU
		{6D19146F-A011-4667-BD70-4A9A0212D745}.Release|Any CPU.ActiveCfg = Release|Any CPU
		{6D19146F-A011-4667-BD70-4A9A0212D745}.Release|Any CPU.Build.0 = Release|Any CPU
		{70706624-5DA1-45B5-A45E-FE84573AFBA9}.Debug|Any CPU.ActiveCfg = Debug|Any CPU
		{70706624-5DA1-45B5-A45E-FE84573AFBA9}.Debug|Any CPU.Build.0 = Debug|Any CPU
		{70706624-5DA1-45B5-A45E-FE84573AFBA9}.Release|Any CPU.ActiveCfg = Release|Any CPU
		{70706624-5DA1-45B5-A45E-FE84573AFBA9}.Release|Any CPU.Build.0 = Release|Any CPU
		{05BD5079-EFB5-4D73-86FA-8DC4480A5426}.Debug|Any CPU.ActiveCfg = Debug|Any CPU
		{05BD5079-EFB5-4D73-86FA-8DC4480A5426}.Debug|Any CPU.Build.0 = Debug|Any CPU
		{05BD5079-EFB5-4D73-86FA-8DC4480A5426}.Release|Any CPU.ActiveCfg = Release|Any CPU
		{05BD5079-EFB5-4D73-86FA-8DC4480A5426}.Release|Any CPU.Build.0 = Release|Any CPU
		{2C3BC611-8252-415B-8FCC-2F386B728CC7}.Debug|Any CPU.ActiveCfg = Debug|Any CPU
		{2C3BC611-8252-415B-8FCC-2F386B728CC7}.Debug|Any CPU.Build.0 = Debug|Any CPU
		{2C3BC611-8252-415B-8FCC-2F386B728CC7}.Release|Any CPU.ActiveCfg = Release|Any CPU
		{2C3BC611-8252-415B-8FCC-2F386B728CC7}.Release|Any CPU.Build.0 = Release|Any CPU
		{A4013595-3D02-4552-92BC-142C61462412}.Debug|Any CPU.ActiveCfg = Debug|Any CPU
		{A4013595-3D02-4552-92BC-142C61462412}.Debug|Any CPU.Build.0 = Debug|Any CPU
		{A4013595-3D02-4552-92BC-142C61462412}.Release|Any CPU.ActiveCfg = Release|Any CPU
		{A4013595-3D02-4552-92BC-142C61462412}.Release|Any CPU.Build.0 = Release|Any CPU
		{C30832FE-7391-4EDF-9644-A19D2431F7C5}.Debug|Any CPU.ActiveCfg = Debug|Any CPU
		{C30832FE-7391-4EDF-9644-A19D2431F7C5}.Debug|Any CPU.Build.0 = Debug|Any CPU
		{C30832FE-7391-4EDF-9644-A19D2431F7C5}.Release|Any CPU.ActiveCfg = Release|Any CPU
		{C30832FE-7391-4EDF-9644-A19D2431F7C5}.Release|Any CPU.Build.0 = Release|Any CPU
	EndGlobalSection
	GlobalSection(SolutionProperties) = preSolution
		HideSolutionNode = FALSE
	EndGlobalSection
	GlobalSection(NestedProjects) = preSolution
		{8A8D1C80-8B6E-41C8-9C38-41E6982CB7EC} = {9139E8B2-379B-4F6B-BEEF-8C295AA6EA4B}
		{26416D09-60C6-4BA0-9B55-36309DF55D16} = {AA65D6A2-82F4-4044-8694-4053EEA2F0A2}
		{6D19146F-A011-4667-BD70-4A9A0212D745} = {825C8F25-EE60-4426-B40E-E4A7DE893DB0}
		{05BD5079-EFB5-4D73-86FA-8DC4480A5426} = {825C8F25-EE60-4426-B40E-E4A7DE893DB0}
		{2C3BC611-8252-415B-8FCC-2F386B728CC7} = {9139E8B2-379B-4F6B-BEEF-8C295AA6EA4B}
		{A4013595-3D02-4552-92BC-142C61462412} = {9139E8B2-379B-4F6B-BEEF-8C295AA6EA4B}
		{C30832FE-7391-4EDF-9644-A19D2431F7C5} = {9139E8B2-379B-4F6B-BEEF-8C295AA6EA4B}
	EndGlobalSection
	GlobalSection(ExtensibilityGlobals) = postSolution
		SolutionGuid = {20414AB0-7D33-4840-8CA6-12E74C069C90}
	EndGlobalSection
EndGlobal
